PODS:
  - bluetooth_print_plus (2.4.5):
    - Flutter
    - GSDK (= 0.0.7)
  - Flutter (1.0.0)
  - GSDK (0.0.7)
  - integration_test (0.0.1):
    - Flutter

DEPENDENCIES:
  - bluetooth_print_plus (from `.symlinks/plugins/bluetooth_print_plus/ios`)
  - Flutter (from `Flutter`)
  - integration_test (from `.symlinks/plugins/integration_test/ios`)

SPEC REPOS:
  trunk:
    - GSDK

EXTERNAL SOURCES:
  bluetooth_print_plus:
    :path: ".symlinks/plugins/bluetooth_print_plus/ios"
  Flutter:
    :path: Flutter
  integration_test:
    :path: ".symlinks/plugins/integration_test/ios"

SPEC CHECKSUMS:
  bluetooth_print_plus: 1621ee5330f4e911ccbbaf1709e613d282f0100d
  Flutter: cabc95a1d2626b1b06e7179b784ebcf0c0cde467
  GSDK: 65d54603da7bece31b433c0f34f8a52c4431dd08
  integration_test: 252f60fa39af5e17c3aa9899d35d908a0721b573

PODFILE CHECKSUM: fcd2cf6e6ed7b03d6c0ba22e8c29b85e705f97f2

COCOAPODS: 1.16.2
